{
  "name": "@baised/baseskills",
  "version": "0.1.0",
  "lockfileVersion": 3,
  "requires": true,
  "packages": {
    "": {
      "name": "@baised/baseskills",
      "version": "0.1.0",
      "license": "ISC",
      "workspaces": [
        "packages/*"
      ]
    },
    "node_modules/@baised/baseskills-ci": {
      "resolved": "packages/ci",
      "link": true
    },
    "node_modules/@baised/baseskills-contracts": {
      "resolved": "packages/contracts",
      "link": true
    },
    "node_modules/@baised/baseskills-core": {
      "resolved": "packages/core",
      "link": true
    },
    "node_modules/@baised/baseskills-growth": {
      "resolved": "packages/growth",
      "link": true
    },
    "node_modules/@baised/baseskills-miniapps": {
      "resolved": "packages/miniapps",
      "link": true
    },
    "packages/ci": {
      "name": "@baised/baseskills-ci",
      "version": "0.1.0"
    },
    "packages/contracts": {
      "name": "@baised/baseskills-contracts",
      "version": "0.1.0"
    },
    "packages/core": {
      "name": "@baised/baseskills-core",
      "version": "0.1.0"
    },
    "packages/growth": {
      "name": "@baised/baseskills-growth",
      "version": "0.1.0"
    },
    "packages/miniapps": {
      "name": "@baised/baseskills-miniapps",
      "version": "0.1.0"
    }
  }
}
